
Microsoft Visual Studio Solution File, Format Version 12.00
# Visual Studio Version 17
VisualStudioVersion = 17.5.002.0
MinimumVisualStudioVersion = 10.0.40219.1
Project("{9A19103F-16F7-4668-BE54-9A1E7A4F7556}") = "Examples.AspNetCore", "AspNetCore\Examples.AspNetCore.csproj", "{F89719B1-2617-4C3A-A9EC-C689C255F182}"
EndProject
Global
	GlobalSection(SolutionConfigurationPlatforms) = preSolution
		Debug|Any CPU = Debug|Any CPU
		Release|Any CPU = Release|Any CPU
	EndGlobalSection
	GlobalSection(ProjectConfigurationPlatforms) = postSolution
		{F89719B1-2617-4C3A-A9EC-C689C255F182}.Debug|Any CPU.ActiveCfg = Debug|Any CPU
		{F89719B1-2617-4C3A-A9EC-C689C255F182}.Debug|Any CPU.Build.0 = Debug|Any CPU
		{F89719B1-2617-4C3A-A9EC-C689C255F182}.Release|Any CPU.ActiveCfg = Release|Any CPU
		{F89719B1-2617-4C3A-A9EC-C689C255F182}.Release|Any CPU.Build.0 = Release|Any CPU
	EndGlobalSection
	GlobalSection(SolutionProperties) = preSolution
		HideSolutionNode = FALSE
	EndGlobalSection
	GlobalSection(ExtensibilityGlobals) = postSolution
		SolutionGuid = {27DF01E5-83F7-4598-9645-20560363F5A9}
	EndGlobalSection
EndGlobal
